{
  "name": "e-fragrance-frontend",
  "lockfileVersion": 3,
  "requires": true,
  "packages": {
    "": {
      "dependencies": {
        "@angular/common": "^19.2.3"
      }
    },
    "node_modules/@angular/common": {
      "version": "19.2.3",
      "resolved": "https://registry.npmjs.org/@angular/common/-/common-19.2.3.tgz",
      "integrity": "sha512-cYOMRXFb6Sjtg9BI3bE/Ave+xU234jQmHYj7hBxr3MiqRSVJL4niy10KiA/Jiz6y76V5QfZfS+0aE65VuoqAvg==",
      "license": "MIT",
      "dependencies": {
        "tslib": "^2.3.0"
      },
      "engines": {
        "node": "^18.19.1 || ^20.11.1 || >=22.0.0"
      },
      "peerDependencies": {
        "@angular/core": "19.2.3",
        "rxjs": "^6.5.3 || ^7.4.0"
      }
    },
    "node_modules/@angular/core": {
      "version": "19.2.3",
      "resolved": "https://registry.npmjs.org/@angular/core/-/core-19.2.3.tgz",
      "integrity": "sha512-uNDbQBDWdAfL8JhgG2l9eTEbikovZ+SthLUKERyR4fL7AVGSx85LjNySRuq4WAL4eiD1cRN1UUgu8o+WKqF/ow==",
      "license": "MIT",
      "peer": true,
      "dependencies": {
        "tslib": "^2.3.0"
      },
      "engines": {
        "node": "^18.19.1 || ^20.11.1 || >=22.0.0"
      },
      "peerDependencies": {
        "rxjs": "^6.5.3 || ^7.4.0",
        "zone.js": "~0.15.0"
      }
    },
    "node_modules/rxjs": {
      "version": "7.8.2",
      "license": "Apache-2.0",
      "peer": true,
      "dependencies": {
        "tslib": "^2.1.0"
      }
    },
    "node_modules/tslib": {
      "version": "2.8.1",
      "license": "0BSD"
    },
    "node_modules/zone.js": {
      "version": "0.15.0",
      "resolved": "https://registry.npmjs.org/zone.js/-/zone.js-0.15.0.tgz",
      "integrity": "sha512-9oxn0IIjbCZkJ67L+LkhYWRyAy7axphb3VgE2MBDlOqnmHMPWGYMxJxBYFueFq/JGY2GMwS0rU+UCLunEmy5UA==",
      "license": "MIT",
      "peer": true
    }
  }
}
